
Microsoft Visual Studio Solution File, Format Version 12.00
# Visual Studio Version 17
VisualStudioVersion = 17.10.35027.167
MinimumVisualStudioVersion = 10.0.40219.1
Project("{FAE04EC0-301F-11D3-BF4B-00C04F79EFBC}") = "levelTest4", "levelTest4.csproj", "{A5E14ACC-A2B0-461A-AA83-7696AD33844A}"
EndProject
Global
	GlobalSection(SolutionConfigurationPlatforms) = preSolution
		Debug|Any CPU = Debug|Any CPU
		Release|Any CPU = Release|Any CPU
	EndGlobalSection
	GlobalSection(ProjectConfigurationPlatforms) = postSolution
		{A5E14ACC-A2B0-461A-AA83-7696AD33844A}.Debug|Any CPU.ActiveCfg = Debug|Any CPU
		{A5E14ACC-A2B0-461A-AA83-7696AD33844A}.Debug|Any CPU.Build.0 = Debug|Any CPU
		{A5E14ACC-A2B0-461A-AA83-7696AD33844A}.Release|Any CPU.ActiveCfg = Release|Any CPU
		{A5E14ACC-A2B0-461A-AA83-7696AD33844A}.Release|Any CPU.Build.0 = Release|Any CPU
	EndGlobalSection
	GlobalSection(SolutionProperties) = preSolution
		HideSolutionNode = FALSE
	EndGlobalSection
	GlobalSection(ExtensibilityGlobals) = postSolution
		SolutionGuid = {D2FE621A-801F-4DE7-89AA-856363860E11}
	EndGlobalSection
EndGlobal
