
Microsoft Visual Studio Solution File, Format Version 12.00
# Visual Studio Version 17
VisualStudioVersion = 17.10.35027.167
MinimumVisualStudioVersion = 10.0.40219.1
Project("{FAE04EC0-301F-11D3-BF4B-00C04F79EFBC}") = "LeveTest2", "LeveTest2.csproj", "{4887B09F-83C5-4F32-AAFE-B4D1BB382C5A}"
EndProject
Global
	GlobalSection(SolutionConfigurationPlatforms) = preSolution
		Debug|Any CPU = Debug|Any CPU
		Release|Any CPU = Release|Any CPU
	EndGlobalSection
	GlobalSection(ProjectConfigurationPlatforms) = postSolution
		{4887B09F-83C5-4F32-AAFE-B4D1BB382C5A}.Debug|Any CPU.ActiveCfg = Debug|Any CPU
		{4887B09F-83C5-4F32-AAFE-B4D1BB382C5A}.Debug|Any CPU.Build.0 = Debug|Any CPU
		{4887B09F-83C5-4F32-AAFE-B4D1BB382C5A}.Release|Any CPU.ActiveCfg = Release|Any CPU
		{4887B09F-83C5-4F32-AAFE-B4D1BB382C5A}.Release|Any CPU.Build.0 = Release|Any CPU
	EndGlobalSection
	GlobalSection(SolutionProperties) = preSolution
		HideSolutionNode = FALSE
	EndGlobalSection
	GlobalSection(ExtensibilityGlobals) = postSolution
		SolutionGuid = {F16B8D99-5072-4CA2-BFAD-D1C933DE3489}
	EndGlobalSection
EndGlobal
