
Microsoft Visual Studio Solution File, Format Version 12.00
# Visual Studio Version 17
VisualStudioVersion = 17.10.35027.167
MinimumVisualStudioVersion = 10.0.40219.1
Project("{9A19103F-16F7-4668-BE54-9A1E7A4F7556}") = "Dictionary", "Dictionary.csproj", "{886F9176-7FCC-4FED-BE27-7297CD609AE9}"
EndProject
Global
	GlobalSection(SolutionConfigurationPlatforms) = preSolution
		Debug|Any CPU = Debug|Any CPU
		Release|Any CPU = Release|Any CPU
	EndGlobalSection
	GlobalSection(ProjectConfigurationPlatforms) = postSolution
		{886F9176-7FCC-4FED-BE27-7297CD609AE9}.Debug|Any CPU.ActiveCfg = Debug|Any CPU
		{886F9176-7FCC-4FED-BE27-7297CD609AE9}.Debug|Any CPU.Build.0 = Debug|Any CPU
		{886F9176-7FCC-4FED-BE27-7297CD609AE9}.Release|Any CPU.ActiveCfg = Release|Any CPU
		{886F9176-7FCC-4FED-BE27-7297CD609AE9}.Release|Any CPU.Build.0 = Release|Any CPU
	EndGlobalSection
	GlobalSection(SolutionProperties) = preSolution
		HideSolutionNode = FALSE
	EndGlobalSection
	GlobalSection(ExtensibilityGlobals) = postSolution
		SolutionGuid = {C39BC297-84DA-49EE-87BD-64E889F276FC}
	EndGlobalSection
EndGlobal
