
Microsoft Visual Studio Solution File, Format Version 12.00
# Visual Studio Version 17
VisualStudioVersion = 17.10.35027.167
MinimumVisualStudioVersion = 10.0.40219.1
Project("{FAE04EC0-301F-11D3-BF4B-00C04F79EFBC}") = "CodingTest", "CodingTest.csproj", "{83DB9733-97D6-41E4-87E1-BDAAD8E0877B}"
EndProject
Global
	GlobalSection(SolutionConfigurationPlatforms) = preSolution
		Debug|Any CPU = Debug|Any CPU
		Release|Any CPU = Release|Any CPU
	EndGlobalSection
	GlobalSection(ProjectConfigurationPlatforms) = postSolution
		{83DB9733-97D6-41E4-87E1-BDAAD8E0877B}.Debug|Any CPU.ActiveCfg = Debug|Any CPU
		{83DB9733-97D6-41E4-87E1-BDAAD8E0877B}.Debug|Any CPU.Build.0 = Debug|Any CPU
		{83DB9733-97D6-41E4-87E1-BDAAD8E0877B}.Release|Any CPU.ActiveCfg = Release|Any CPU
		{83DB9733-97D6-41E4-87E1-BDAAD8E0877B}.Release|Any CPU.Build.0 = Release|Any CPU
	EndGlobalSection
	GlobalSection(SolutionProperties) = preSolution
		HideSolutionNode = FALSE
	EndGlobalSection
	GlobalSection(ExtensibilityGlobals) = postSolution
		SolutionGuid = {EF782A7F-E503-4AC8-BAD2-0176AE11C19A}
	EndGlobalSection
EndGlobal
